// !$*UTF8*$!
{
	archiveVersion = 1;
	classes = {
	};
	objectVersion = 77;
	objects = {

/* Begin PBXBuildFile section */
		9AB1F9242FE03AE000D0E99B /* SnapKit in Frameworks */ = {isa = PBXBuildFile; productRef = 9AB1F9232FE03AE000D0E99B /* SnapKit */; };
/* End PBXBuildFile section */

/* Begin PBXContainerItemProxy section */
		9AB1F8B12FE0213C00D0E99B /* PBXContainerItemProxy */ = {
			isa = PBXContainerItemProxy;
			containerPortal = 9AB1F88F2FE0213A00D0E99B /* Project object */;
			proxyType = 1;
			remoteGlobalIDString = 9AB1F8962FE0213A00D0E99B;
			remoteInfo = FinAvsiUIKit;
		};
		9AB1F8BB2FE0213C00D0E99B /* PBXContainerItemProxy */ = {
			isa = PBXContainerItemProxy;
			containerPortal = 9AB1F88F2FE0213A00D0E99B /* Project object */;
			proxyType = 1;
			remoteGlobalIDString = 9AB1F8962FE0213A00D0E99B;
			remoteInfo = FinAvsiUIKit;
		};
/* End PBXContainerItemProxy section */

/* Begin PBXFileReference section */
		9AB1F8972FE0213A00D0E99B /* FinAvsiUIKit.app */ = {isa = PBXFileReference; explicitFileType = wrapper.application; includeInIndex = 0; path = FinAvsiUIKit.app; sourceTree = BUILT_PRODUCTS_DIR; };
		9AB1F8B02FE0213C00D0E99B /* FinAvsiUIKitTests.xctest */ = {isa = PBXFileReference; explicitFileType = wrapper.cfbundle; includeInIndex = 0; path = FinAvsiUIKitTests.xctest; sourceTree = BUILT_PRODUCTS_DIR; };
		9AB1F8BA2FE0213C00D0E99B /* FinAvsiUIKitUITests.xctest */ = {isa = PBXFileReference; explicitFileType = wrapper.cfbundle; includeInIndex = 0; path = FinAvsiUIKitUITests.xctest; sourceTree = BUILT_PRODUCTS_DIR; };
/* End PBXFileReference section */

/* Begin PBXFileSystemSynchronizedBuildFileExceptionSet section */
		9AB1F8C22FE0213C00D0E99B /* Exceptions for "FinAvsiUIKit" folder in "FinAvsiUIKit" target */ = {
			isa = PBXFileSystemSynchronizedBuildFileExceptionSet;
			membershipExceptions = (
				App/Info.plist,
			);
			target = 9AB1F8962FE0213A00D0E99B /* FinAvsiUIKit */;
		};
/* End PBXFileSystemSynchronizedBuildFileExceptionSet section */

/* Begin PBXFileSystemSynchronizedRootGroup section */
		9AB1F8992FE0213A00D0E99B /* FinAvsiUIKit */ = {
			isa = PBXFileSystemSynchronizedRootGroup;
			exceptions = (
				9AB1F8C22FE0213C00D0E99B /* Exceptions for "FinAvsiUIKit" folder in "FinAvsiUIKit" target */,
			);
			path = FinAvsiUIKit;
			sourceTree = "<group>";
		};
		9AB1F8B32FE0213C00D0E99B /* FinAvsiUIKitTests */ = {
			isa = PBXFileSystemSynchronizedRootGroup;
			path = FinAvsiUIKitTests;
			sourceTree = "<group>";
		};
		9AB1F8BD2FE0213C00D0E99B /* FinAvsiUIKitUITests */ = {
			isa = PBXFileSystemSynchronizedRootGroup;
			path = FinAvsiUIKitUITests;
			sourceTree = "<group>";
		};
/* End PBXFileSystemSynchronizedRootGroup section */

/* Begin PBXFrameworksBuildPhase section */
		9AB1F8942FE0213A00D0E99B /* Frameworks */ = {
			isa = PBXFrameworksBuildPhase;
			buildActionMask = 2147483647;
			files = (
				9AB1F9242FE03AE000D0E99B /* SnapKit in Frameworks */,
			);
			runOnlyForDeploymentPostprocessing = 0;
		};
		9AB1F8AD2FE0213C00D0E99B /* Frameworks */ = {
			isa = PBXFrameworksBuildPhase;
			buildActionMask = 2147483647;
			files = (
			);
			runOnlyForDeploymentPostprocessing = 0;
		};
		9AB1F8B72FE0213C00D0E99B /* Frameworks */ = {
			isa = PBXFrameworksBuildPhase;
			buildActionMask = 2147483647;
			files = (
			);
			runOnlyForDeploymentPostprocessing = 0;
		};
/* End PBXFrameworksBuildPhase section */

/* Begin PBXGroup section */
		9AB1F88E2FE0213A00D0E99B = {
			isa = PBXGroup;
			children = (
				9AB1F8992FE0213A00D0E99B /* FinAvsiUIKit */,
				9AB1F8B32FE0213C00D0E99B /* FinAvsiUIKitTests */,
				9AB1F8BD2FE0213C00D0E99B /* FinAvsiUIKitUITests */,
				9AB1F8982FE0213A00D0E99B /* Products */,
			);
			sourceTree = "<group>";
		};
		9AB1F8982FE0213A00D0E99B /* Products */ = {
			isa = PBXGroup;
			children = (
				9AB1F8972FE0213A00D0E99B /* FinAvsiUIKit.app */,
				9AB1F8B02FE0213C00D0E99B /* FinAvsiUIKitTests.xctest */,
				9AB1F8BA2FE0213C00D0E99B /* FinAvsiUIKitUITests.xctest */,
			);
			name = Products;
			sourceTree = "<group>";
		};
/* End PBXGroup section */

/* Begin PBXNativeTarget section */
		9AB1F8962FE0213A00D0E99B /* FinAvsiUIKit */ = {
			isa = PBXNativeTarget;
			buildConfigurationList = 9AB1F8C32FE0213C00D0E99B /* Build configuration list for PBXNativeTarget "FinAvsiUIKit" */;
			buildPhases = (
				9AB1F8932FE0213A00D0E99B /* Sources */,
				9AB1F8942FE0213A00D0E99B /* Frameworks */,
				9AB1F8952FE0213A00D0E99B /* Resources */,
			);
			buildRules = (
			);
			dependencies = (
			);
			fileSystemSynchronizedGroups = (
				9AB1F8992FE0213A00D0E99B /* FinAvsiUIKit */,
			);
			name = FinAvsiUIKit;
			packageProductDependencies = (
				9AB1F9232FE03AE000D0E99B /* SnapKit */,
			);
			productName = FinAvsiUIKit;
			productReference = 9AB1F8972FE0213A00D0E99B /* FinAvsiUIKit.app */;
			productType = "com.apple.product-type.application";
		};
		9AB1F8AF2FE0213C00D0E99B /* FinAvsiUIKitTests */ = {
			isa = PBXNativeTarget;
			buildConfigurationList = 9AB1F8C82FE0213C00D0E99B /* Build configuration list for PBXNativeTarget "FinAvsiUIKitTests" */;
			buildPhases = (
				9AB1F8AC2FE0213C00D0E99B /* Sources */,
				9AB1F8AD2FE0213C00D0E99B /* Frameworks */,
				9AB1F8AE2FE0213C00D0E99B /* Resources */,
			);
			buildRules = (
			);
			dependencies = (
				9AB1F8B22FE0213C00D0E99B /* PBXTargetDependency */,
			);
			fileSystemSynchronizedGroups = (
				9AB1F8B32FE0213C00D0E99B /* FinAvsiUIKitTests */,
			);
			name = FinAvsiUIKitTests;
			packageProductDependencies = (
			);
			productName = FinAvsiUIKitTests;
			productReference = 9AB1F8B02FE0213C00D0E99B /* FinAvsiUIKitTests.xctest */;
			productType = "com.apple.product-type.bundle.unit-test";
		};
		9AB1F8B92FE0213C00D0E99B /* FinAvsiUIKitUITests */ = {
			isa = PBXNativeTarget;
			buildConfigurationList = 9AB1F8CB2FE0213C00D0E99B /* Build configuration list for PBXNativeTarget "FinAvsiUIKitUITests" */;
			buildPhases = (
				9AB1F8B62FE0213C00D0E99B /* Sources */,
				9AB1F8B72FE0213C00D0E99B /* Frameworks */,
				9AB1F8B82FE0213C00D0E99B /* Resources */,
			);
			buildRules = (
			);
			dependencies = (
				9AB1F8BC2FE0213C00D0E99B /* PBXTargetDependency */,
			);
			fileSystemSynchronizedGroups = (
				9AB1F8BD2FE0213C00D0E99B /* FinAvsiUIKitUITests */,
			);
			name = FinAvsiUIKitUITests;
			packageProductDependencies = (
			);
			productName = FinAvsiUIKitUITests;
			productReference = 9AB1F8BA2FE0213C00D0E99B /* FinAvsiUIKitUITests.xctest */;
			productType = "com.apple.product-type.bundle.ui-testing";
		};
/* End PBXNativeTarget section */

/* Begin PBXProject section */
		9AB1F88F2FE0213A00D0E99B /* Project object */ = {
			isa = PBXProject;
			attributes = {
				BuildIndependentTargetsInParallel = 1;
				LastSwiftUpdateCheck = 2650;
				LastUpgradeCheck = 2650;
				TargetAttributes = {
					9AB1F8962FE0213A00D0E99B = {
						CreatedOnToolsVersion = 26.5;
					};
					9AB1F8AF2FE0213C00D0E99B = {
						CreatedOnToolsVersion = 26.5;
						TestTargetID = 9AB1F8962FE0213A00D0E99B;
					};
					9AB1F8B92FE0213C00D0E99B = {
						CreatedOnToolsVersion = 26.5;
						TestTargetID = 9AB1F8962FE0213A00D0E99B;
					};
				};
			};
			buildConfigurationList = 9AB1F8922FE0213A00D0E99B /* Build configuration list for PBXProject "FinAvsiUIKit" */;
			developmentRegion = en;
			hasScannedForEncodings = 0;
			knownRegions = (
				en,
				Base,
			);
			mainGroup = 9AB1F88E2FE0213A00D0E99B;
			minimizedProjectReferenceProxies = 1;
			packageReferences = (
				9AB1F9222FE03AE000D0E99B /* XCRemoteSwiftPackageReference "SnapKit" */,
			);
			preferredProjectObjectVersion = 77;
			productRefGroup = 9AB1F8982FE0213A00D0E99B /* Products */;
			projectDirPath = "";
			projectRoot = "";
			targets = (
				9AB1F8962FE0213A00D0E99B /* FinAvsiUIKit */,
				9AB1F8AF2FE0213C00D0E99B /* FinAvsiUIKitTests */,
				9AB1F8B92FE0213C00D0E99B /* FinAvsiUIKitUITests */,
			);
		};
/* End PBXProject section */

/* Begin PBXResourcesBuildPhase section */
		9AB1F8952FE0213A00D0E99B /* Resources */ = {
			isa = PBXResourcesBuildPhase;
			buildActionMask = 2147483647;
			files = (
			);
			runOnlyForDeploymentPostprocessing = 0;
		};
		9AB1F8AE2FE0213C00D0E99B /* Resources */ = {
			isa = PBXResourcesBuildPhase;
			buildActionMask = 2147483647;
			files = (
			);
			runOnlyForDeploymentPostprocessing = 0;
		};
		9AB1F8B82FE0213C00D0E99B /* Resources */ = {
			isa = PBXResourcesBuildPhase;
			buildActionMask = 2147483647;
			files = (
			);
			runOnlyForDeploymentPostprocessing = 0;
		};
/* End PBXResourcesBuildPhase section */

/* Begin PBXSourcesBuildPhase section */
		9AB1F8932FE0213A00D0E99B /* Sources */ = {
			isa = PBXSourcesBuildPhase;
			buildActionMask = 2147483647;
			files = (
			);
			runOnlyForDeploymentPostprocessing = 0;
		};
		9AB1F8AC2FE0213C00D0E99B /* Sources */ = {
			isa = PBXSourcesBuildPhase;
			buildActionMask = 2147483647;
			files = (
			);
			runOnlyForDeploymentPostprocessing = 0;
		};
		9AB1F8B62FE0213C00D0E99B /* Sources */ = {
			isa = PBXSourcesBuildPhase;
			buildActionMask = 2147483647;
			files = (
			);
			runOnlyForDeploymentPostprocessing = 0;
		};
/* End PBXSourcesBuildPhase section */

/* Begin PBXTargetDependency section */
		9AB1F8B22FE0213C00D0E99B /* PBXTargetDependency */ = {
			isa = PBXTargetDependency;
			target = 9AB1F8962FE0213A00D0E99B /* FinAvsiUIKit */;
			targetProxy = 9AB1F8B12FE0213C00D0E99B /* PBXContainerItemProxy */;
		};
		9AB1F8BC2FE0213C00D0E99B /* PBXTargetDependency */ = {
			isa = PBXTargetDependency;
			target = 9AB1F8962FE0213A00D0E99B /* FinAvsiUIKit */;
			targetProxy = 9AB1F8BB2FE0213C00D0E99B /* PBXContainerItemProxy */;
		};
/* End PBXTargetDependency section */

/* Begin XCBuildConfiguration section */
		9AB1F8C42FE0213C00D0E99B /* Debug */ = {
			isa = XCBuildConfiguration;
			buildSettings = {
				ASSETCATALOG_COMPILER_APPICON_NAME = AppIcon;
				ASSETCATALOG_COMPILER_GLOBAL_ACCENT_COLOR_NAME = AccentColor;
				CODE_SIGN_STYLE = Automatic;
				CURRENT_PROJECT_VERSION = 1;
				DEVELOPMENT_TEAM = X82XVY5266;
				GENERATE_INFOPLIST_FILE = YES;
				INFOPLIST_FILE = FinAvsiUIKit/App/Info.plist;
				INFOPLIST_KEY_UIApplicationSupportsIndirectInputEvents = YES;
				INFOPLIST_KEY_UILaunchStoryboardName = LaunchScreen;
				INFOPLIST_KEY_UISupportedInterfaceOrientations_iPad = "UIInterfaceOrientationPortrait UIInterfaceOrientationPortraitUpsideDown UIInterfaceOrientationLandscapeLeft UIInterfaceOrientationLandscapeRight";
				INFOPLIST_KEY_UISupportedInterfaceOrientations_iPhone = "UIInterfaceOrientationPortrait UIInterfaceOrientationLandscapeLeft UIInterfaceOrientationLandscapeRight";
				IPHONEOS_DEPLOYMENT_TARGET = 17.6;
				LD_RUNPATH_SEARCH_PATHS = (
					"$(inherited)",
					"@executable_path/Frameworks",
				);
				MARKETING_VERSION = 1.0;
				PRODUCT_BUNDLE_IDENTIFIER = AVSI.FinAvsiUIKit;
				PRODUCT_NAME = "$(TARGET_NAME)";
				STRING_CATALOG_GENERATE_SYMBOLS = YES;
				SWIFT_APPROACHABLE_CONCURRENCY = YES;
				SWIFT_DEFAULT_ACTOR_ISOLATION = MainActor;
				SWIFT_EMIT_LOC_STRINGS = YES;
				SWIFT_UPCOMING_FEATURE_MEMBER_IMPORT_VISIBILITY = YES;
				SWIFT_VERSION = 5.0;
				TARGETED_DEVICE_FAMILY = "1,2";
			};
			name = Debug;
		};
		9AB1F8C52FE0213C00D0E99B /* Release */ = {
			isa = XCBuildConfiguration;
			buildSettings = {
				ASSETCATALOG_COMPILER_APPICON_NAME = AppIcon;
				ASSETCATALOG_COMPILER_GLOBAL_ACCENT_COLOR_NAME = AccentColor;
				CODE_SIGN_STYLE = Automatic;
				CURRENT_PROJECT_VERSION = 1;
				DEVELOPMENT_TEAM = X82XVY5266;
				GENERATE_INFOPLIST_FILE = YES;
				INFOPLIST_FILE = FinAvsiUIKit/App/Info.plist;
				INFOPLIST_KEY_UIApplicationSupportsIndirectInputEvents = YES;
				INFOPLIST_KEY_UILaunchStoryboardName = LaunchScreen;
				INFOPLIST_KEY_UISupportedInterfaceOrientations_iPad = "UIInterfaceOrientationPortrait UIInterfaceOrientationPortraitUpsideDown UIInterfaceOrientationLandscapeLeft UIInterfaceOrientationLandscapeRight";
				INFOPLIST_KEY_UISupportedInterfaceOrientations_iPhone = "UIInterfaceOrientationPortrait UIInterfaceOrientationLandscapeLeft UIInterfaceOrientationLandscapeRight";
				IPHONEOS_DEPLOYMENT_TARGET = 17.6;
				LD_RUNPATH_SEARCH_PATHS = (
					"$(inherited)",
					"@executable_path/Frameworks",
				);
				MARKETING_VERSION = 1.0;
				PRODUCT_BUNDLE_IDENTIFIER = AVSI.FinAvsiUIKit;
				PRODUCT_NAME = "$(TARGET_NAME)";
				STRING_CATALOG_GENERATE_SYMBOLS = YES;
				SWIFT_APPROACHABLE_CONCURRENCY = YES;
				SWIFT_DEFAULT_ACTOR_ISOLATION = MainActor;
				SWIFT_EMIT_LOC_STRINGS = YES;
				SWIFT_UPCOMING_FEATURE_MEMBER_IMPORT_VISIBILITY = YES;
				SWIFT_VERSION = 5.0;
				TARGETED_DEVICE_FAMILY = "1,2";
			};
			name = Release;
		};
		9AB1F8C62FE0213C00D0E99B /* Debug */ = {
			isa = XCBuildConfiguration;
			buildSettings = {
				ALWAYS_SEARCH_USER_PATHS = NO;
				ASSETCATALOG_COMPILER_GENERATE_SWIFT_ASSET_SYMBOL_EXTENSIONS = YES;
				CLANG_ANALYZER_NONNULL = YES;
				CLANG_ANALYZER_NUMBER_OBJECT_CONVERSION = YES_AGGRESSIVE;
				CLANG_CXX_LANGUAGE_STANDARD = "gnu++20";
				CLANG_ENABLE_MODULES = YES;
				CLANG_ENABLE_OBJC_ARC = YES;
				CLANG_ENABLE_OBJC_WEAK = YES;
				CLANG_WARN_BLOCK_CAPTURE_AUTORELEASING = YES;
				CLANG_WARN_BOOL_CONVERSION = YES;
				CLANG_WARN_COMMA = YES;
				CLANG_WARN_CONSTANT_CONVERSION = YES;
				CLANG_WARN_DEPRECATED_OBJC_IMPLEMENTATIONS = YES;
				CLANG_WARN_DIRECT_OBJC_ISA_USAGE = YES_ERROR;
				CLANG_WARN_DOCUMENTATION_COMMENTS = YES;
				CLANG_WARN_EMPTY_BODY = YES;
				CLANG_WARN_ENUM_CONVERSION = YES;
				CLANG_WARN_INFINITE_RECURSION = YES;
				CLANG_WARN_INT_CONVERSION = YES;
				CLANG_WARN_NON_LITERAL_NULL_CONVERSION = YES;
				CLANG_WARN_OBJC_IMPLICIT_RETAIN_SELF = YES;
				CLANG_WARN_OBJC_LITERAL_CONVERSION = YES;
				CLANG_WARN_OBJC_ROOT_CLASS = YES_ERROR;
				CLANG_WARN_QUOTED_INCLUDE_IN_FRAMEWORK_HEADER = YES;
				CLANG_WARN_RANGE_LOOP_ANALYSIS = YES;
				CLANG_WARN_STRICT_PROTOTYPES = YES;
				CLANG_WARN_SUSPICIOUS_MOVE = YES;
				CLANG_WARN_UNGUARDED_AVAILABILITY = YES_AGGRESSIVE;
				CLANG_WARN_UNREACHABLE_CODE = YES;
				CLANG_WARN__DUPLICATE_METHOD_MATCH = YES;
				COPY_PHASE_STRIP = NO;
				DEBUG_INFORMATION_FORMAT = dwarf;
				DEVELOPMENT_TEAM = X82XVY5266;
				ENABLE_STRICT_OBJC_MSGSEND = YES;
				ENABLE_TESTABILITY = YES;
				ENABLE_USER_SCRIPT_SANDBOXING = YES;
				GCC_C_LANGUAGE_STANDARD = gnu17;
				GCC_DYNAMIC_NO_PIC = NO;
				GCC_NO_COMMON_BLOCKS = YES;
				GCC_OPTIMIZATION_LEVEL = 0;
				GCC_PREPROCESSOR_DEFINITIONS = (
					"DEBUG=1",
					"$(inherited)",
				);
				GCC_WARN_64_TO_32_BIT_CONVERSION = YES;
				GCC_WARN_ABOUT_RETURN_TYPE = YES_ERROR;
				GCC_WARN_UNDECLARED_SELECTOR = YES;
				GCC_WARN_UNINITIALIZED_AUTOS = YES_AGGRESSIVE;
				GCC_WARN_UNUSED_FUNCTION = YES;
				GCC_WARN_UNUSED_VARIABLE = YES;
				IPHONEOS_DEPLOYMENT_TARGET = 26.5;
				LOCALIZATION_PREFERS_STRING_CATALOGS = YES;
				MTL_ENABLE_DEBUG_INFO = INCLUDE_SOURCE;
				MTL_FAST_MATH = YES;
				ONLY_ACTIVE_ARCH = YES;
				SDKROOT = iphoneos;
				SWIFT_ACTIVE_COMPILATION_CONDITIONS = "DEBUG $(inherited)";
				SWIFT_OPTIMIZATION_LEVEL = "-Onone";
			};
			name = Debug;
		};
		9AB1F8C72FE0213C00D0E99B /* Release */ = {
			isa = XCBuildConfiguration;
			buildSettings = {
				ALWAYS_SEARCH_USER_PATHS = NO;
				ASSETCATALOG_COMPILER_GENERATE_SWIFT_ASSET_SYMBOL_EXTENSIONS = YES;
				CLANG_ANALYZER_NONNULL = YES;
				CLANG_ANALYZER_NUMBER_OBJECT_CONVERSION = YES_AGGRESSIVE;
				CLANG_CXX_LANGUAGE_STANDARD = "gnu++20";
				CLANG_ENABLE_MODULES = YES;
				CLANG_ENABLE_OBJC_ARC = YES;
				CLANG_ENABLE_OBJC_WEAK = YES;
				CLANG_WARN_BLOCK_CAPTURE_AUTORELEASING = YES;
				CLANG_WARN_BOOL_CONVERSION = YES;
				CLANG_WARN_COMMA = YES;
				CLANG_WARN_CONSTANT_CONVERSION = YES;
				CLANG_WARN_DEPRECATED_OBJC_IMPLEMENTATIONS = YES;
				CLANG_WARN_DIRECT_OBJC_ISA_USAGE = YES_ERROR;
				CLANG_WARN_DOCUMENTATION_COMMENTS = YES;
				CLANG_WARN_EMPTY_BODY = YES;
				CLANG_WARN_ENUM_CONVERSION = YES;
				CLANG_WARN_INFINITE_RECURSION = YES;
				CLANG_WARN_INT_CONVERSION = YES;
				CLANG_WARN_NON_LITERAL_NULL_CONVERSION = YES;
				CLANG_WARN_OBJC_IMPLICIT_RETAIN_SELF = YES;
				CLANG_WARN_OBJC_LITERAL_CONVERSION = YES;
				CLANG_WARN_OBJC_ROOT_CLASS = YES_ERROR;
				CLANG_WARN_QUOTED_INCLUDE_IN_FRAMEWORK_HEADER = YES;
				CLANG_WARN_RANGE_LOOP_ANALYSIS = YES;
				CLANG_WARN_STRICT_PROTOTYPES = YES;
				CLANG_WARN_SUSPICIOUS_MOVE = YES;
				CLANG_WARN_UNGUARDED_AVAILABILITY = YES_AGGRESSIVE;
				CLANG_WARN_UNREACHABLE_CODE = YES;
				CLANG_WARN__DUPLICATE_METHOD_MATCH = YES;
				COPY_PHASE_STRIP = NO;
				DEBUG_INFORMATION_FORMAT = "dwarf-with-dsym";
				DEVELOPMENT_TEAM = X82XVY5266;
				ENABLE_NS_ASSERTIONS = NO;
				ENABLE_STRICT_OBJC_MSGSEND = YES;
				ENABLE_USER_SCRIPT_SANDBOXING = YES;
				GCC_C_LANGUAGE_STANDARD = gnu17;
				GCC_NO_COMMON_BLOCKS = YES;
				GCC_WARN_64_TO_32_BIT_CONVERSION = YES;
				GCC_WARN_ABOUT_RETURN_TYPE = YES_ERROR;
				GCC_WARN_UNDECLARED_SELECTOR = YES;
				GCC_WARN_UNINITIALIZED_AUTOS = YES_AGGRESSIVE;
				GCC_WARN_UNUSED_FUNCTION = YES;
				GCC_WARN_UNUSED_VARIABLE = YES;
				IPHONEOS_DEPLOYMENT_TARGET = 26.5;
				LOCALIZATION_PREFERS_STRING_CATALOGS = YES;
				MTL_ENABLE_DEBUG_INFO = NO;
				MTL_FAST_MATH = YES;
				SDKROOT = iphoneos;
				SWIFT_COMPILATION_MODE = wholemodule;
				VALIDATE_PRODUCT = YES;
			};
			name = Release;
		};
		9AB1F8C92FE0213C00D0E99B /* Debug */ = {
			isa = XCBuildConfiguration;
			buildSettings = {
				BUNDLE_LOADER = "$(TEST_HOST)";
				CODE_SIGN_STYLE = Automatic;
				CURRENT_PROJECT_VERSION = 1;
				DEVELOPMENT_TEAM = X82XVY5266;
				GENERATE_INFOPLIST_FILE = YES;
				IPHONEOS_DEPLOYMENT_TARGET = 17.6;
				MARKETING_VERSION = 1.0;
				PRODUCT_BUNDLE_IDENTIFIER = AVSI.FinAvsiUIKitTests;
				PRODUCT_NAME = "$(TARGET_NAME)";
				STRING_CATALOG_GENERATE_SYMBOLS = NO;
				SWIFT_APPROACHABLE_CONCURRENCY = YES;
				SWIFT_EMIT_LOC_STRINGS = NO;
				SWIFT_UPCOMING_FEATURE_MEMBER_IMPORT_VISIBILITY = YES;
				SWIFT_VERSION = 5.0;
				TARGETED_DEVICE_FAMILY = "1,2";
				TEST_HOST = "$(BUILT_PRODUCTS_DIR)/FinAvsiUIKit.app/$(BUNDLE_EXECUTABLE_FOLDER_PATH)/FinAvsiUIKit";
			};
			name = Debug;
		};
		9AB1F8CA2FE0213C00D0E99B /* Release */ = {
			isa = XCBuildConfiguration;
			buildSettings = {
				BUNDLE_LOADER = "$(TEST_HOST)";
				CODE_SIGN_STYLE = Automatic;
				CURRENT_PROJECT_VERSION = 1;
				DEVELOPMENT_TEAM = X82XVY5266;
				GENERATE_INFOPLIST_FILE = YES;
				IPHONEOS_DEPLOYMENT_TARGET = 17.6;
				MARKETING_VERSION = 1.0;
				PRODUCT_BUNDLE_IDENTIFIER = AVSI.FinAvsiUIKitTests;
				PRODUCT_NAME = "$(TARGET_NAME)";
				STRING_CATALOG_GENERATE_SYMBOLS = NO;
				SWIFT_APPROACHABLE_CONCURRENCY = YES;
				SWIFT_EMIT_LOC_STRINGS = NO;
				SWIFT_UPCOMING_FEATURE_MEMBER_IMPORT_VISIBILITY = YES;
				SWIFT_VERSION = 5.0;
				TARGETED_DEVICE_FAMILY = "1,2";
				TEST_HOST = "$(BUILT_PRODUCTS_DIR)/FinAvsiUIKit.app/$(BUNDLE_EXECUTABLE_FOLDER_PATH)/FinAvsiUIKit";
			};
			name = Release;
		};
		9AB1F8CC2FE0213C00D0E99B /* Debug */ = {
			isa = XCBuildConfiguration;
			buildSettings = {
				CODE_SIGN_STYLE = Automatic;
				CURRENT_PROJECT_VERSION = 1;
				DEVELOPMENT_TEAM = X82XVY5266;
				GENERATE_INFOPLIST_FILE = YES;
				IPHONEOS_DEPLOYMENT_TARGET = 17.6;
				MARKETING_VERSION = 1.0;
				PRODUCT_BUNDLE_IDENTIFIER = AVSI.FinAvsiUIKitUITests;
				PRODUCT_NAME = "$(TARGET_NAME)";
				STRING_CATALOG_GENERATE_SYMBOLS = NO;
				SWIFT_APPROACHABLE_CONCURRENCY = YES;
				SWIFT_EMIT_LOC_STRINGS = NO;
				SWIFT_UPCOMING_FEATURE_MEMBER_IMPORT_VISIBILITY = YES;
				SWIFT_VERSION = 5.0;
				TARGETED_DEVICE_FAMILY = "1,2";
				TEST_TARGET_NAME = FinAvsiUIKit;
			};
			name = Debug;
		};
		9AB1F8CD2FE0213C00D0E99B /* Release */ = {
			isa = XCBuildConfiguration;
			buildSettings = {
				CODE_SIGN_STYLE = Automatic;
				CURRENT_PROJECT_VERSION = 1;
				DEVELOPMENT_TEAM = X82XVY5266;
				GENERATE_INFOPLIST_FILE = YES;
				IPHONEOS_DEPLOYMENT_TARGET = 17.6;
				MARKETING_VERSION = 1.0;
				PRODUCT_BUNDLE_IDENTIFIER = AVSI.FinAvsiUIKitUITests;
				PRODUCT_NAME = "$(TARGET_NAME)";
				STRING_CATALOG_GENERATE_SYMBOLS = NO;
				SWIFT_APPROACHABLE_CONCURRENCY = YES;
				SWIFT_EMIT_LOC_STRINGS = NO;
				SWIFT_UPCOMING_FEATURE_MEMBER_IMPORT_VISIBILITY = YES;
				SWIFT_VERSION = 5.0;
				TARGETED_DEVICE_FAMILY = "1,2";
				TEST_TARGET_NAME = FinAvsiUIKit;
			};
			name = Release;
		};
/* End XCBuildConfiguration section */

/* Begin XCConfigurationList section */
		9AB1F8922FE0213A00D0E99B /* Build configuration list for PBXProject "FinAvsiUIKit" */ = {
			isa = XCConfigurationList;
			buildConfigurations = (
				9AB1F8C62FE0213C00D0E99B /* Debug */,
				9AB1F8C72FE0213C00D0E99B /* Release */,
			);
			defaultConfigurationIsVisible = 0;
			defaultConfigurationName = Release;
		};
		9AB1F8C32FE0213C00D0E99B /* Build configuration list for PBXNativeTarget "FinAvsiUIKit" */ = {
			isa = XCConfigurationList;
			buildConfigurations = (
				9AB1F8C42FE0213C00D0E99B /* Debug */,
				9AB1F8C52FE0213C00D0E99B /* Release */,
			);
			defaultConfigurationIsVisible = 0;
			defaultConfigurationName = Release;
		};
		9AB1F8C82FE0213C00D0E99B /* Build configuration list for PBXNativeTarget "FinAvsiUIKitTests" */ = {
			isa = XCConfigurationList;
			buildConfigurations = (
				9AB1F8C92FE0213C00D0E99B /* Debug */,
				9AB1F8CA2FE0213C00D0E99B /* Release */,
			);
			defaultConfigurationIsVisible = 0;
			defaultConfigurationName = Release;
		};
		9AB1F8CB2FE0213C00D0E99B /* Build configuration list for PBXNativeTarget "FinAvsiUIKitUITests" */ = {
			isa = XCConfigurationList;
			buildConfigurations = (
				9AB1F8CC2FE0213C00D0E99B /* Debug */,
				9AB1F8CD2FE0213C00D0E99B /* Release */,
			);
			defaultConfigurationIsVisible = 0;
			defaultConfigurationName = Release;
		};
/* End XCConfigurationList section */

/* Begin XCRemoteSwiftPackageReference section */
		9AB1F9222FE03AE000D0E99B /* XCRemoteSwiftPackageReference "SnapKit" */ = {
			isa = XCRemoteSwiftPackageReference;
			repositoryURL = "https://github.com/SnapKit/SnapKit.git";
			requirement = {
				kind = upToNextMajorVersion;
				minimumVersion = 6.0.0;
			};
		};
/* End XCRemoteSwiftPackageReference section */

/* Begin XCSwiftPackageProductDependency section */
		9AB1F9232FE03AE000D0E99B /* SnapKit */ = {
			isa = XCSwiftPackageProductDependency;
			package = 9AB1F9222FE03AE000D0E99B /* XCRemoteSwiftPackageReference "SnapKit" */;
			productName = SnapKit;
		};
/* End XCSwiftPackageProductDependency section */
	};
	rootObject = 9AB1F88F2FE0213A00D0E99B /* Project object */;
}
